
Microsoft Visual Studio Solution File, Format Version 12.00
# Visual Studio Version 17
VisualStudioVersion = 17.3.32811.315
MinimumVisualStudioVersion = 10.0.40219.1
Project("{FAE04EC0-301F-11D3-BF4B-00C04F79EFBC}") = "ConsoleApp1", "ConsoleApp1\ConsoleApp1.csproj", "{A8B1CF2B-DBC0-4D3B-9E18-22D39A249991}"
EndProject
Global
	GlobalSection(SolutionConfigurationPlatforms) = preSolution
		Debug|Any CPU = Debug|Any CPU
		Release|Any CPU = Release|Any CPU
	EndGlobalSection
	GlobalSection(ProjectConfigurationPlatforms) = postSolution
		{A8B1CF2B-DBC0-4D3B-9E18-22D39A249991}.Debug|Any CPU.ActiveCfg = Debug|Any CPU
		{A8B1CF2B-DBC0-4D3B-9E18-22D39A249991}.Debug|Any CPU.Build.0 = Debug|Any CPU
		{A8B1CF2B-DBC0-4D3B-9E18-22D39A249991}.Release|Any CPU.ActiveCfg = Release|Any CPU
		{A8B1CF2B-DBC0-4D3B-9E18-22D39A249991}.Release|Any CPU.Build.0 = Release|Any CPU
	EndGlobalSection
	GlobalSection(SolutionProperties) = preSolution
		HideSolutionNode = FALSE
	EndGlobalSection
	GlobalSection(ExtensibilityGlobals) = postSolution
		SolutionGuid = {F0C8AC46-A079-4B9D-AC97-08EE3E62E9C0}
	EndGlobalSection
EndGlobal
