
Microsoft Visual Studio Solution File, Format Version 12.00
# Visual Studio Version 17
VisualStudioVersion = 17.3.32811.315
MinimumVisualStudioVersion = 10.0.40219.1
Project("{FAE04EC0-301F-11D3-BF4B-00C04F79EFBC}") = "examenbestia", "examenbestia\examenbestia.csproj", "{FFF197CE-8C31-4CAF-A60D-4555D38AA7C1}"
EndProject
Global
	GlobalSection(SolutionConfigurationPlatforms) = preSolution
		Debug|Any CPU = Debug|Any CPU
		Release|Any CPU = Release|Any CPU
	EndGlobalSection
	GlobalSection(ProjectConfigurationPlatforms) = postSolution
		{FFF197CE-8C31-4CAF-A60D-4555D38AA7C1}.Debug|Any CPU.ActiveCfg = Debug|Any CPU
		{FFF197CE-8C31-4CAF-A60D-4555D38AA7C1}.Debug|Any CPU.Build.0 = Debug|Any CPU
		{FFF197CE-8C31-4CAF-A60D-4555D38AA7C1}.Release|Any CPU.ActiveCfg = Release|Any CPU
		{FFF197CE-8C31-4CAF-A60D-4555D38AA7C1}.Release|Any CPU.Build.0 = Release|Any CPU
	EndGlobalSection
	GlobalSection(SolutionProperties) = preSolution
		HideSolutionNode = FALSE
	EndGlobalSection
	GlobalSection(ExtensibilityGlobals) = postSolution
		SolutionGuid = {CEE2EC00-6CD9-4B9D-9A9A-5C28865F3F3D}
	EndGlobalSection
EndGlobal
